
Microsoft Visual Studio Solution File, Format Version 12.00
# Visual Studio Version 16
VisualStudioVersion = 16.0.29503.13
MinimumVisualStudioVersion = 10.0.40219.1
Project("{FAE04EC0-301F-11D3-BF4B-00C04F79EFBC}") = "Shoppify", "Shoppify.csproj", "{9414D230-3EFD-4668-90AB-31F60D559DDF}"
EndProject
Global
	GlobalSection(SolutionConfigurationPlatforms) = preSolution
		Debug|Any CPU = Debug|Any CPU
		Release|Any CPU = Release|Any CPU
	EndGlobalSection
	GlobalSection(ProjectConfigurationPlatforms) = postSolution
		{9414D230-3EFD-4668-90AB-31F60D559DDF}.Debug|Any CPU.ActiveCfg = Debug|Any CPU
		{9414D230-3EFD-4668-90AB-31F60D559DDF}.Debug|Any CPU.Build.0 = Debug|Any CPU
		{9414D230-3EFD-4668-90AB-31F60D559DDF}.Release|Any CPU.ActiveCfg = Release|Any CPU
		{9414D230-3EFD-4668-90AB-31F60D559DDF}.Release|Any CPU.Build.0 = Release|Any CPU
	EndGlobalSection
	GlobalSection(SolutionProperties) = preSolution
		HideSolutionNode = FALSE
	EndGlobalSection
	GlobalSection(ExtensibilityGlobals) = postSolution
		SolutionGuid = {0E99B5EC-EAEC-4EA6-AE98-D20450F9BDE0}
	EndGlobalSection
EndGlobal
